
Microsoft Visual Studio Solution File, Format Version 12.00
# Visual Studio 15
VisualStudioVersion = 15.0.27004.2005
MinimumVisualStudioVersion = 10.0.40219.1
Project("{FAE04EC0-301F-11D3-BF4B-00C04F79EFBC}") = "ScrollOutScrollView", "ScrollOutScrollView\ScrollOutScrollView.csproj", "{4C0570DA-8908-4B2D-B9E9-5836AF59FFBF}"
EndProject
Global
	GlobalSection(SolutionConfigurationPlatforms) = preSolution
		Debug|ARM = Debug|ARM
		Debug|x64 = Debug|x64
		Debug|x86 = Debug|x86
		Release|ARM = Release|ARM
		Release|x64 = Release|x64
		Release|x86 = Release|x86
	EndGlobalSection
	GlobalSection(ProjectConfigurationPlatforms) = postSolution
		{4C0570DA-8908-4B2D-B9E9-5836AF59FFBF}.Debug|ARM.ActiveCfg = Debug|ARM
		{4C0570DA-8908-4B2D-B9E9-5836AF59FFBF}.Debug|ARM.Build.0 = Debug|ARM
		{4C0570DA-8908-4B2D-B9E9-5836AF59FFBF}.Debug|ARM.Deploy.0 = Debug|ARM
		{4C0570DA-8908-4B2D-B9E9-5836AF59FFBF}.Debug|x64.ActiveCfg = Debug|x64
		{4C0570DA-8908-4B2D-B9E9-5836AF59FFBF}.Debug|x64.Build.0 = Debug|x64
		{4C0570DA-8908-4B2D-B9E9-5836AF59FFBF}.Debug|x64.Deploy.0 = Debug|x64
		{4C0570DA-8908-4B2D-B9E9-5836AF59FFBF}.Debug|x86.ActiveCfg = Debug|x86
		{4C0570DA-8908-4B2D-B9E9-5836AF59FFBF}.Debug|x86.Build.0 = Debug|x86
		{4C0570DA-8908-4B2D-B9E9-5836AF59FFBF}.Debug|x86.Deploy.0 = Debug|x86
		{4C0570DA-8908-4B2D-B9E9-5836AF59FFBF}.Release|ARM.ActiveCfg = Release|ARM
		{4C0570DA-8908-4B2D-B9E9-5836AF59FFBF}.Release|ARM.Build.0 = Release|ARM
		{4C0570DA-8908-4B2D-B9E9-5836AF59FFBF}.Release|ARM.Deploy.0 = Release|ARM
		{4C0570DA-8908-4B2D-B9E9-5836AF59FFBF}.Release|x64.ActiveCfg = Release|x64
		{4C0570DA-8908-4B2D-B9E9-5836AF59FFBF}.Release|x64.Build.0 = Release|x64
		{4C0570DA-8908-4B2D-B9E9-5836AF59FFBF}.Release|x64.Deploy.0 = Release|x64
		{4C0570DA-8908-4B2D-B9E9-5836AF59FFBF}.Release|x86.ActiveCfg = Release|x86
		{4C0570DA-8908-4B2D-B9E9-5836AF59FFBF}.Release|x86.Build.0 = Release|x86
		{4C0570DA-8908-4B2D-B9E9-5836AF59FFBF}.Release|x86.Deploy.0 = Release|x86
	EndGlobalSection
	GlobalSection(SolutionProperties) = preSolution
		HideSolutionNode = FALSE
	EndGlobalSection
	GlobalSection(ExtensibilityGlobals) = postSolution
		SolutionGuid = {81DE1B81-51B4-4B74-B0B9-557EB5FD168D}
	EndGlobalSection
EndGlobal
